
Microsoft Visual Studio Solution File, Format Version 12.00
# Visual Studio Version 16
VisualStudioVersion = 16.0.31019.35
MinimumVisualStudioVersion = 10.0.40219.1
Project("{FAE04EC0-301F-11D3-BF4B-00C04F79EFBC}") = "CLient__Form", "GameCoCaNgua\CLient__Form.csproj", "{809137D9-91FC-4BA3-B54F-4979FCE2151F}"
EndProject
Global
	GlobalSection(SolutionConfigurationPlatforms) = preSolution
		Debug|Any CPU = Debug|Any CPU
		Release|Any CPU = Release|Any CPU
	EndGlobalSection
	GlobalSection(ProjectConfigurationPlatforms) = postSolution
		{809137D9-91FC-4BA3-B54F-4979FCE2151F}.Debug|Any CPU.ActiveCfg = Debug|Any CPU
		{809137D9-91FC-4BA3-B54F-4979FCE2151F}.Debug|Any CPU.Build.0 = Debug|Any CPU
		{809137D9-91FC-4BA3-B54F-4979FCE2151F}.Release|Any CPU.ActiveCfg = Release|Any CPU
		{809137D9-91FC-4BA3-B54F-4979FCE2151F}.Release|Any CPU.Build.0 = Release|Any CPU
	EndGlobalSection
	GlobalSection(SolutionProperties) = preSolution
		HideSolutionNode = FALSE
	EndGlobalSection
	GlobalSection(ExtensibilityGlobals) = postSolution
		SolutionGuid = {A33A49E9-D157-430D-8007-59E17C0E68E1}
	EndGlobalSection
EndGlobal
